
Microsoft Visual Studio Solution File, Format Version 12.00
# Visual Studio Version 17
VisualStudioVersion = 17.11.35303.130
MinimumVisualStudioVersion = 10.0.40219.1
Project("{FAE04EC0-301F-11D3-BF4B-00C04F79EFBC}") = "Observer", "Observer\Observer.csproj", "{003812C3-E714-415F-9A00-BA26EF1078A7}"
EndProject
Global
	GlobalSection(SolutionConfigurationPlatforms) = preSolution
		Debug|Any CPU = Debug|Any CPU
		Release|Any CPU = Release|Any CPU
	EndGlobalSection
	GlobalSection(ProjectConfigurationPlatforms) = postSolution
		{003812C3-E714-415F-9A00-BA26EF1078A7}.Debug|Any CPU.ActiveCfg = Debug|Any CPU
		{003812C3-E714-415F-9A00-BA26EF1078A7}.Debug|Any CPU.Build.0 = Debug|Any CPU
		{003812C3-E714-415F-9A00-BA26EF1078A7}.Release|Any CPU.ActiveCfg = Release|Any CPU
		{003812C3-E714-415F-9A00-BA26EF1078A7}.Release|Any CPU.Build.0 = Release|Any CPU
	EndGlobalSection
	GlobalSection(SolutionProperties) = preSolution
		HideSolutionNode = FALSE
	EndGlobalSection
	GlobalSection(ExtensibilityGlobals) = postSolution
		SolutionGuid = {FD78E0D0-ABE5-4CA9-BFAE-1F42FC1BDE05}
	EndGlobalSection
EndGlobal
